
Microsoft Visual Studio Solution File, Format Version 12.00
# Visual Studio Version 17
VisualStudioVersion = 17.11.35327.3
MinimumVisualStudioVersion = 10.0.40219.1
Project("{FAE04EC0-301F-11D3-BF4B-00C04F79EFBC}") = "OnboardingAPI", "OnboardingAPI\OnboardingAPI.csproj", "{D6D63FB8-1748-4A9E-97C5-8076B58E47EC}"
EndProject
Global
	GlobalSection(SolutionConfigurationPlatforms) = preSolution
		Debug|Any CPU = Debug|Any CPU
		Release|Any CPU = Release|Any CPU
	EndGlobalSection
	GlobalSection(ProjectConfigurationPlatforms) = postSolution
		{D6D63FB8-1748-4A9E-97C5-8076B58E47EC}.Debug|Any CPU.ActiveCfg = Debug|Any CPU
		{D6D63FB8-1748-4A9E-97C5-8076B58E47EC}.Debug|Any CPU.Build.0 = Debug|Any CPU
		{D6D63FB8-1748-4A9E-97C5-8076B58E47EC}.Release|Any CPU.ActiveCfg = Release|Any CPU
		{D6D63FB8-1748-4A9E-97C5-8076B58E47EC}.Release|Any CPU.Build.0 = Release|Any CPU
	EndGlobalSection
	GlobalSection(SolutionProperties) = preSolution
		HideSolutionNode = FALSE
	EndGlobalSection
	GlobalSection(ExtensibilityGlobals) = postSolution
		SolutionGuid = {FCAE73F5-1CCB-4B0B-986E-B830E75D9B63}
	EndGlobalSection
EndGlobal
